
Microsoft Visual Studio Solution File, Format Version 12.00
# Visual Studio Version 16
VisualStudioVersion = 16.0.29728.190
MinimumVisualStudioVersion = 10.0.40219.1
Project("{9A19103F-16F7-4668-BE54-9A1E7A4F7556}") = "pipelines-dotnet-core", "pipelines-dotnet-core.csproj", "{B10AF3A2-4984-4E0F-9B2B-4DE573291E78}"
EndProject
Global
	GlobalSection(SolutionConfigurationPlatforms) = preSolution
		Debug|Any CPU = Debug|Any CPU
		Release|Any CPU = Release|Any CPU
	EndGlobalSection
	GlobalSection(ProjectConfigurationPlatforms) = postSolution
		{B10AF3A2-4984-4E0F-9B2B-4DE573291E78}.Debug|Any CPU.ActiveCfg = Debug|Any CPU
		{B10AF3A2-4984-4E0F-9B2B-4DE573291E78}.Debug|Any CPU.Build.0 = Debug|Any CPU
		{B10AF3A2-4984-4E0F-9B2B-4DE573291E78}.Release|Any CPU.ActiveCfg = Release|Any CPU
		{B10AF3A2-4984-4E0F-9B2B-4DE573291E78}.Release|Any CPU.Build.0 = Release|Any CPU
	EndGlobalSection
	GlobalSection(SolutionProperties) = preSolution
		HideSolutionNode = FALSE
	EndGlobalSection
	GlobalSection(ExtensibilityGlobals) = postSolution
		SolutionGuid = {E5AD7D1F-148C-4CF7-8B8B-B69A5F394E95}
	EndGlobalSection
EndGlobal
